
Microsoft Visual Studio Solution File, Format Version 12.00
# Visual Studio Version 16
VisualStudioVersion = 16.0.31410.357
MinimumVisualStudioVersion = 10.0.40219.1
Project("{FAE04EC0-301F-11D3-BF4B-00C04F79EFBC}") = "MsgBoardWebApp", "MsgBoardWebApp\MsgBoardWebApp.csproj", "{73E9D23F-FDBA-4C74-9E60-2CF2F29A1787}"
EndProject
Project("{FAE04EC0-301F-11D3-BF4B-00C04F79EFBC}") = "DAL", "DAL\DAL.csproj", "{6058776B-2E13-4202-9332-D2FEDD1509B6}"
EndProject
Project("{FAE04EC0-301F-11D3-BF4B-00C04F79EFBC}") = "Model", "Model\Model.csproj", "{DAEB81F2-BE08-4080-A90B-B15342EEA93C}"
EndProject
Project("{FAE04EC0-301F-11D3-BF4B-00C04F79EFBC}") = "databaseORM", "databaseORM\databaseORM.csproj", "{17F0546A-EA55-45F1-9CD4-E416D70C551D}"
EndProject
Project("{FAE04EC0-301F-11D3-BF4B-00C04F79EFBC}") = "SystemAuth", "SystemAuth\SystemAuth.csproj", "{83E8BFB3-62AE-4CD2-8300-963F6A2F92D1}"
EndProject
Project("{FAE04EC0-301F-11D3-BF4B-00C04F79EFBC}") = "SystemDBFunction", "SystemDBFunction\SystemDBFunction.csproj", "{F1B304DC-1808-44F2-969A-2F8D80CDAC6D}"
EndProject
Global
	GlobalSection(SolutionConfigurationPlatforms) = preSolution
		Debug|Any CPU = Debug|Any CPU
		Release|Any CPU = Release|Any CPU
	EndGlobalSection
	GlobalSection(ProjectConfigurationPlatforms) = postSolution
		{73E9D23F-FDBA-4C74-9E60-2CF2F29A1787}.Debug|Any CPU.ActiveCfg = Debug|Any CPU
		{73E9D23F-FDBA-4C74-9E60-2CF2F29A1787}.Debug|Any CPU.Build.0 = Debug|Any CPU
		{73E9D23F-FDBA-4C74-9E60-2CF2F29A1787}.Release|Any CPU.ActiveCfg = Release|Any CPU
		{73E9D23F-FDBA-4C74-9E60-2CF2F29A1787}.Release|Any CPU.Build.0 = Release|Any CPU
		{6058776B-2E13-4202-9332-D2FEDD1509B6}.Debug|Any CPU.ActiveCfg = Debug|Any CPU
		{6058776B-2E13-4202-9332-D2FEDD1509B6}.Debug|Any CPU.Build.0 = Debug|Any CPU
		{6058776B-2E13-4202-9332-D2FEDD1509B6}.Release|Any CPU.ActiveCfg = Release|Any CPU
		{6058776B-2E13-4202-9332-D2FEDD1509B6}.Release|Any CPU.Build.0 = Release|Any CPU
		{DAEB81F2-BE08-4080-A90B-B15342EEA93C}.Debug|Any CPU.ActiveCfg = Debug|Any CPU
		{DAEB81F2-BE08-4080-A90B-B15342EEA93C}.Debug|Any CPU.Build.0 = Debug|Any CPU
		{DAEB81F2-BE08-4080-A90B-B15342EEA93C}.Release|Any CPU.ActiveCfg = Release|Any CPU
		{DAEB81F2-BE08-4080-A90B-B15342EEA93C}.Release|Any CPU.Build.0 = Release|Any CPU
		{17F0546A-EA55-45F1-9CD4-E416D70C551D}.Debug|Any CPU.ActiveCfg = Debug|Any CPU
		{17F0546A-EA55-45F1-9CD4-E416D70C551D}.Debug|Any CPU.Build.0 = Debug|Any CPU
		{17F0546A-EA55-45F1-9CD4-E416D70C551D}.Release|Any CPU.ActiveCfg = Release|Any CPU
		{17F0546A-EA55-45F1-9CD4-E416D70C551D}.Release|Any CPU.Build.0 = Release|Any CPU
		{83E8BFB3-62AE-4CD2-8300-963F6A2F92D1}.Debug|Any CPU.ActiveCfg = Debug|Any CPU
		{83E8BFB3-62AE-4CD2-8300-963F6A2F92D1}.Debug|Any CPU.Build.0 = Debug|Any CPU
		{83E8BFB3-62AE-4CD2-8300-963F6A2F92D1}.Release|Any CPU.ActiveCfg = Release|Any CPU
		{83E8BFB3-62AE-4CD2-8300-963F6A2F92D1}.Release|Any CPU.Build.0 = Release|Any CPU
		{F1B304DC-1808-44F2-969A-2F8D80CDAC6D}.Debug|Any CPU.ActiveCfg = Debug|Any CPU
		{F1B304DC-1808-44F2-969A-2F8D80CDAC6D}.Debug|Any CPU.Build.0 = Debug|Any CPU
		{F1B304DC-1808-44F2-969A-2F8D80CDAC6D}.Release|Any CPU.ActiveCfg = Release|Any CPU
		{F1B304DC-1808-44F2-969A-2F8D80CDAC6D}.Release|Any CPU.Build.0 = Release|Any CPU
	EndGlobalSection
	GlobalSection(SolutionProperties) = preSolution
		HideSolutionNode = FALSE
	EndGlobalSection
	GlobalSection(ExtensibilityGlobals) = postSolution
		SolutionGuid = {51CDF4FA-55F9-4EC5-896D-3E35BAD476D3}
	EndGlobalSection
EndGlobal
